
Microsoft Visual Studio Solution File, Format Version 12.00
# Visual Studio 15
VisualStudioVersion = 15.0.26730.16
MinimumVisualStudioVersion = 10.0.40219.1
Project("{9A19103F-16F7-4668-BE54-9A1E7A4F7556}") = "WebApplication1", "WebApplication1\WebApplication1.csproj", "{49239892-D807-42AB-8BD8-57E39B505511}"
EndProject
Project("{9A19103F-16F7-4668-BE54-9A1E7A4F7556}") = "PrimeWeb", "PrimeWeb\PrimeWeb.csproj", "{D65622D9-5C6B-4159-B1AB-9ACF7352142E}"
EndProject
Project("{9A19103F-16F7-4668-BE54-9A1E7A4F7556}") = "P7.TwitterAuthentication", "P7.TwitterAuthentication\P7.TwitterAuthentication.csproj", "{D6253633-966D-4FF5-8615-B17A5AB0090B}"
EndProject
Project("{2150E333-8FDC-42A3-9474-1A3956D46DE8}") = "P7", "P7", "{CCCA7579-F361-4887-AF60-4C6047184645}"
EndProject
Project("{9A19103F-16F7-4668-BE54-9A1E7A4F7556}") = "P7.Core", "P7.Core\P7.Core.csproj", "{6F665E20-9FAF-4C6D-BD89-3E18F201090F}"
EndProject
Project("{2150E333-8FDC-42A3-9474-1A3956D46DE8}") = "IdentityServer4", "IdentityServer4", "{460E01E1-42A4-4EC0-8685-FF6C32B0009F}"
EndProject
Project("{9A19103F-16F7-4668-BE54-9A1E7A4F7556}") = "P7.IdentityServer4.Common", "P7.IdentityServer4.Common\P7.IdentityServer4.Common.csproj", "{E83291B1-F44F-4556-A024-9C5EB5839C1A}"
EndProject
Project("{2150E333-8FDC-42A3-9474-1A3956D46DE8}") = "Stores", "Stores", "{F892B0DA-2E36-4A4B-85C2-2991E0CACC4F}"
EndProject
Project("{9A19103F-16F7-4668-BE54-9A1E7A4F7556}") = "P7.Store", "P7.Store\P7.Store.csproj", "{FBBA8FE5-7792-4E02-88B5-5DB49B244CB8}"
EndProject
Project("{2150E333-8FDC-42A3-9474-1A3956D46DE8}") = "Biggy", "Biggy", "{15BC53D5-6C43-43A5-A998-DE5AA82A4328}"
EndProject
Project("{9A19103F-16F7-4668-BE54-9A1E7A4F7556}") = "Hugo.Data.Json", "Hugo.Data.Json\Hugo.Data.Json.csproj", "{FB6EF69F-442F-41ED-A9FD-7AE86E811798}"
EndProject
Project("{9A19103F-16F7-4668-BE54-9A1E7A4F7556}") = "Hugo.Core", "Hugo.Core\Hugo.Core.csproj", "{366D65A4-07DC-4208-ADC5-6F205E1B9AAA}"
EndProject
Project("{9A19103F-16F7-4668-BE54-9A1E7A4F7556}") = "P7.IdentityServer4.BiggyStore", "P7.IdentityServer4.BiggyStore\P7.IdentityServer4.BiggyStore.csproj", "{EDEA7320-19CC-4416-80B8-F202CC2148CC}"
EndProject
Project("{9A19103F-16F7-4668-BE54-9A1E7A4F7556}") = "P7.HugoStore.Core", "P7.HugoStore.Core\P7.HugoStore.Core.csproj", "{50AA5696-F707-443F-BC89-E5BDF454ED57}"
EndProject
Project("{2150E333-8FDC-42A3-9474-1A3956D46DE8}") = "asp.net Identity", "asp.net Identity", "{F041FA2E-4428-4D05-8C50-84231EF0E600}"
EndProject
Project("{9A19103F-16F7-4668-BE54-9A1E7A4F7556}") = "P7.SimpleDocument.Store", "P7.SimpleDocument.Store\P7.SimpleDocument.Store.csproj", "{067BB76D-C314-42AF-B52D-A216F54EF252}"
EndProject
Project("{9A19103F-16F7-4668-BE54-9A1E7A4F7556}") = "P7.SimpleDocument.Store.Hugo", "P7.SimpleDocument.Store.Hugo\P7.SimpleDocument.Store.Hugo.csproj", "{8D31CB8B-0BB0-44C9-83B7-DCC4408EAEBB}"
EndProject
Project("{9A19103F-16F7-4668-BE54-9A1E7A4F7556}") = "P7.Filters", "P7.Filters\P7.Filters.csproj", "{46A935AC-856B-46CC-908B-37BB608A8688}"
EndProject
Project("{9A19103F-16F7-4668-BE54-9A1E7A4F7556}") = "P7.Globalization", "P7.Globalization\P7.Globalization.csproj", "{B6DE19A7-987E-4C5D-B49B-A576B8571858}"
EndProject
Project("{9A19103F-16F7-4668-BE54-9A1E7A4F7556}") = "P7.SimpleRedirect.Core", "P7.SimpleRedirect.Core\P7.SimpleRedirect.Core.csproj", "{E8A8DDF7-7124-4FA7-B0DA-26E63755E363}"
EndProject
Project("{9A19103F-16F7-4668-BE54-9A1E7A4F7556}") = "P7.SimpleRedirector", "P7.SimpleRedirector\P7.SimpleRedirector.csproj", "{90C7B343-813F-48EC-A772-A69F9A4AC91B}"
EndProject
Project("{2150E333-8FDC-42A3-9474-1A3956D46DE8}") = "Tests", "Tests", "{A08D76D8-20A9-41B9-9649-C9C972BBC724}"
EndProject
Project("{2150E333-8FDC-42A3-9474-1A3956D46DE8}") = "IdentityServer4", "IdentityServer4", "{45D3F950-E875-4B93-B9E6-D5DED180FF8A}"
EndProject
Project("{9A19103F-16F7-4668-BE54-9A1E7A4F7556}") = "Test.P7.IdentityServer4.BiggyStore", "Test.P7.IdentityServer4.BiggyStore\Test.P7.IdentityServer4.BiggyStore.csproj", "{D6C56FE2-5EA0-40FE-8A75-83CCBD6572A6}"
EndProject
Project("{9A19103F-16F7-4668-BE54-9A1E7A4F7556}") = "P7.Razor.FileProvider", "P7.Razor.FileProvider\P7.Razor.FileProvider.csproj", "{AF457216-76E6-4045-A278-F4D57FBAAF4E}"
EndProject
Project("{9A19103F-16F7-4668-BE54-9A1E7A4F7556}") = "P7.RazorProvider.Store.Core", "P7.RazorProvider.Store.Core\P7.RazorProvider.Store.Core.csproj", "{37871B7B-00C9-4921-8703-A0DC2F3DF183}"
EndProject
Project("{9A19103F-16F7-4668-BE54-9A1E7A4F7556}") = "P7.External.SPA.Core", "P7.External.SPA.Core\P7.External.SPA.Core.csproj", "{52BE834C-0B70-4C77-A573-0237D06425E1}"
EndProject
Project("{9A19103F-16F7-4668-BE54-9A1E7A4F7556}") = "P7.External.SPA", "P7.External.SPA\P7.External.SPA.csproj", "{A48EA62F-3CC8-4E61-8E2B-7A99B1432DD2}"
EndProject
Project("{2150E333-8FDC-42A3-9474-1A3956D46DE8}") = "TheApp", "TheApp", "{0168AD6E-C4F4-413F-BFBA-FBBBF80644FA}"
EndProject
Project("{9A19103F-16F7-4668-BE54-9A1E7A4F7556}") = "P7.Main", "P7.Main\P7.Main.csproj", "{9491CBF3-5F5A-4847-A10B-E01C90D62FBC}"
EndProject
Project("{2150E333-8FDC-42A3-9474-1A3956D46DE8}") = "GraphQL", "GraphQL", "{16FAFCC0-095E-4296-BBC4-15E35FCBE832}"
EndProject
Project("{9A19103F-16F7-4668-BE54-9A1E7A4F7556}") = "GraphQL.AspNetCore", "GraphQL.AspNetCore\GraphQL.AspNetCore.csproj", "{149D35CE-55A2-44EC-8727-8D6E04576A11}"
EndProject
Project("{9A19103F-16F7-4668-BE54-9A1E7A4F7556}") = "P7.GraphQLCore", "P7.GraphQLCore\P7.GraphQLCore.csproj", "{8C95A967-1876-427A-9D1E-C67D656CCA5C}"
EndProject
Project("{2150E333-8FDC-42A3-9474-1A3956D46DE8}") = "Plugins", "Plugins", "{6B907D25-B455-4EE7-9614-F323E7B7B043}"
EndProject
Project("{9A19103F-16F7-4668-BE54-9A1E7A4F7556}") = "P7.BlogStore.Core", "P7.BlogStore.Core\P7.BlogStore.Core.csproj", "{69A10D66-FF5B-425D-9500-F125B4C6D837}"
EndProject
Project("{9A19103F-16F7-4668-BE54-9A1E7A4F7556}") = "P7.BlogStore.Hugo", "P7.BlogStore.Hugo\P7.BlogStore.Hugo.csproj", "{DF1F6750-49F8-474A-84C0-8FD5B43D582E}"
EndProject
Project("{9A19103F-16F7-4668-BE54-9A1E7A4F7556}") = "Test.P7.GraphQLCoreTest", "Test.P7.GraphQLCoreTest\Test.P7.GraphQLCoreTest.csproj", "{954CCACE-04ED-43DE-84E0-EB8DF8794EDC}"
EndProject
Project("{9A19103F-16F7-4668-BE54-9A1E7A4F7556}") = "P7.GraphQLViewer", "P7.GraphQLViewer\P7.GraphQLViewer.csproj", "{CAAF1728-DFEE-4EC8-91AE-73A36BB32B35}"
EndProject
Project("{2150E333-8FDC-42A3-9474-1A3956D46DE8}") = "Hangfire", "Hangfire", "{93C7914F-87E8-44BD-A917-BDDEFB4A210A}"
EndProject
Project("{9A19103F-16F7-4668-BE54-9A1E7A4F7556}") = "Hangfire.MemoryStorage", "Hangfire.MemoryStorage\Hangfire.MemoryStorage.csproj", "{BF0AF54D-E574-4EE9-90AD-E16D5178424A}"
EndProject
Project("{9A19103F-16F7-4668-BE54-9A1E7A4F7556}") = "P7.SessionContextStore.Core", "P7.SessionContextStore.Core\P7.SessionContextStore.Core.csproj", "{A1CB02CB-C13D-4BFB-AEC5-D52EF02B4EAC}"
EndProject
Project("{2150E333-8FDC-42A3-9474-1A3956D46DE8}") = "HealthChecks", "HealthChecks", "{796DEC81-5CA6-4299-96B1-FB41F988C53B}"
EndProject
Project("{9A19103F-16F7-4668-BE54-9A1E7A4F7556}") = "P7.Extensions.HealthChecks", "P7.Extensions.HealthChecks\P7.Extensions.HealthChecks.csproj", "{D72E851A-FB78-4318-BA30-898F3ADF43EA}"
EndProject
Project("{9A19103F-16F7-4668-BE54-9A1E7A4F7556}") = "P7.AspNetCore.HealthChecks", "P7.AspNetCore.HealthChecks\P7.AspNetCore.HealthChecks.csproj", "{29A5B637-6903-478B-A64E-4EBB4EA571B3}"
EndProject
Project("{2150E333-8FDC-42A3-9474-1A3956D46DE8}") = ".vs", ".vs", "{F2623CA2-E7D8-4081-AD43-13F3CA62BD9D}"
	ProjectSection(SolutionItems) = preProject
		.vs\config\applicationhost.config = .vs\config\applicationhost.config
	EndProjectSection
EndProject
Project("{9A19103F-16F7-4668-BE54-9A1E7A4F7556}") = "P7.IdentityServer4.AspNetIdentity.Common", "P7.IdentityServer4.AspNetIdentity.Common\P7.IdentityServer4.AspNetIdentity.Common.csproj", "{223FE139-02FF-45EB-8EA2-2E5B54DEACE0}"
EndProject
Project("{9A19103F-16F7-4668-BE54-9A1E7A4F7556}") = "P7.HealthCheck.Core", "P7.HealthCheck.Core\P7.HealthCheck.Core.csproj", "{F9CC1807-F090-4D54-B171-52CFEB6AA46E}"
EndProject
Project("{9A19103F-16F7-4668-BE54-9A1E7A4F7556}") = "ReferenceWebApp.ExternalIdentity", "ReferenceWebApp.ExternalIdentity\ReferenceWebApp.ExternalIdentity.csproj", "{7F6B8289-F33D-49FD-9F08-760DF3AE1993}"
EndProject
Project("{9A19103F-16F7-4668-BE54-9A1E7A4F7556}") = "P7.AspNetCore.Identity.InMemory", "P7.AspNetCore.Identity.InMemory\P7.AspNetCore.Identity.InMemory.csproj", "{74EC0E81-DC8B-4E56-B3B7-48DF9F797B78}"
EndProject
Project("{9A19103F-16F7-4668-BE54-9A1E7A4F7556}") = "Test.Strings", "Test.Strings\Test.Strings.csproj", "{FBDB8724-BE2C-4B18-A0AD-E85119032A01}"
EndProject
Project("{9A19103F-16F7-4668-BE54-9A1E7A4F7556}") = "P7.FileSystem.Utils", "P7.FileSystem.Utils\P7.FileSystem.Utils.csproj", "{CF507803-2983-40B1-BF21-B497624686E4}"
EndProject
Project("{2150E333-8FDC-42A3-9474-1A3956D46DE8}") = "asp.net rel-2.0.0", "asp.net rel-2.0.0", "{F1D1A6FB-C8F9-4CBB-A0F1-D99EEEA3C69E}"
EndProject
Project("{9A19103F-16F7-4668-BE54-9A1E7A4F7556}") = "P7.AspNetCore.Authentication.OpenIdConnect", "P7.AspNetCore.Authentication.OpenIdConnect\P7.AspNetCore.Authentication.OpenIdConnect.csproj", "{F44462C1-188D-459B-8DE2-BF750BA1C26B}"
EndProject
Project("{FAE04EC0-301F-11D3-BF4B-00C04F79EFBC}") = "P7.Identity", "P7.Identity\P7.Identity.csproj", "{61541CA8-B540-4AA9-B637-01B97244CEDB}"
EndProject
Global
	GlobalSection(SolutionConfigurationPlatforms) = preSolution
		Debug|Any CPU = Debug|Any CPU
		Release|Any CPU = Release|Any CPU
	EndGlobalSection
	GlobalSection(ProjectConfigurationPlatforms) = postSolution
		{49239892-D807-42AB-8BD8-57E39B505511}.Debug|Any CPU.ActiveCfg = Debug|Any CPU
		{49239892-D807-42AB-8BD8-57E39B505511}.Debug|Any CPU.Build.0 = Debug|Any CPU
		{49239892-D807-42AB-8BD8-57E39B505511}.Release|Any CPU.ActiveCfg = Release|Any CPU
		{49239892-D807-42AB-8BD8-57E39B505511}.Release|Any CPU.Build.0 = Release|Any CPU
		{D65622D9-5C6B-4159-B1AB-9ACF7352142E}.Debug|Any CPU.ActiveCfg = Debug|Any CPU
		{D65622D9-5C6B-4159-B1AB-9ACF7352142E}.Debug|Any CPU.Build.0 = Debug|Any CPU
		{D65622D9-5C6B-4159-B1AB-9ACF7352142E}.Release|Any CPU.ActiveCfg = Release|Any CPU
		{D65622D9-5C6B-4159-B1AB-9ACF7352142E}.Release|Any CPU.Build.0 = Release|Any CPU
		{D6253633-966D-4FF5-8615-B17A5AB0090B}.Debug|Any CPU.ActiveCfg = Debug|Any CPU
		{D6253633-966D-4FF5-8615-B17A5AB0090B}.Debug|Any CPU.Build.0 = Debug|Any CPU
		{D6253633-966D-4FF5-8615-B17A5AB0090B}.Release|Any CPU.ActiveCfg = Release|Any CPU
		{D6253633-966D-4FF5-8615-B17A5AB0090B}.Release|Any CPU.Build.0 = Release|Any CPU
		{6F665E20-9FAF-4C6D-BD89-3E18F201090F}.Debug|Any CPU.ActiveCfg = Debug|Any CPU
		{6F665E20-9FAF-4C6D-BD89-3E18F201090F}.Debug|Any CPU.Build.0 = Debug|Any CPU
		{6F665E20-9FAF-4C6D-BD89-3E18F201090F}.Release|Any CPU.ActiveCfg = Release|Any CPU
		{6F665E20-9FAF-4C6D-BD89-3E18F201090F}.Release|Any CPU.Build.0 = Release|Any CPU
		{E83291B1-F44F-4556-A024-9C5EB5839C1A}.Debug|Any CPU.ActiveCfg = Debug|Any CPU
		{E83291B1-F44F-4556-A024-9C5EB5839C1A}.Debug|Any CPU.Build.0 = Debug|Any CPU
		{E83291B1-F44F-4556-A024-9C5EB5839C1A}.Release|Any CPU.ActiveCfg = Release|Any CPU
		{E83291B1-F44F-4556-A024-9C5EB5839C1A}.Release|Any CPU.Build.0 = Release|Any CPU
		{FBBA8FE5-7792-4E02-88B5-5DB49B244CB8}.Debug|Any CPU.ActiveCfg = Debug|Any CPU
		{FBBA8FE5-7792-4E02-88B5-5DB49B244CB8}.Debug|Any CPU.Build.0 = Debug|Any CPU
		{FBBA8FE5-7792-4E02-88B5-5DB49B244CB8}.Release|Any CPU.ActiveCfg = Release|Any CPU
		{FBBA8FE5-7792-4E02-88B5-5DB49B244CB8}.Release|Any CPU.Build.0 = Release|Any CPU
		{FB6EF69F-442F-41ED-A9FD-7AE86E811798}.Debug|Any CPU.ActiveCfg = Debug|Any CPU
		{FB6EF69F-442F-41ED-A9FD-7AE86E811798}.Debug|Any CPU.Build.0 = Debug|Any CPU
		{FB6EF69F-442F-41ED-A9FD-7AE86E811798}.Release|Any CPU.ActiveCfg = Release|Any CPU
		{FB6EF69F-442F-41ED-A9FD-7AE86E811798}.Release|Any CPU.Build.0 = Release|Any CPU
		{366D65A4-07DC-4208-ADC5-6F205E1B9AAA}.Debug|Any CPU.ActiveCfg = Debug|Any CPU
		{366D65A4-07DC-4208-ADC5-6F205E1B9AAA}.Debug|Any CPU.Build.0 = Debug|Any CPU
		{366D65A4-07DC-4208-ADC5-6F205E1B9AAA}.Release|Any CPU.ActiveCfg = Release|Any CPU
		{366D65A4-07DC-4208-ADC5-6F205E1B9AAA}.Release|Any CPU.Build.0 = Release|Any CPU
		{EDEA7320-19CC-4416-80B8-F202CC2148CC}.Debug|Any CPU.ActiveCfg = Debug|Any CPU
		{EDEA7320-19CC-4416-80B8-F202CC2148CC}.Debug|Any CPU.Build.0 = Debug|Any CPU
		{EDEA7320-19CC-4416-80B8-F202CC2148CC}.Release|Any CPU.ActiveCfg = Release|Any CPU
		{EDEA7320-19CC-4416-80B8-F202CC2148CC}.Release|Any CPU.Build.0 = Release|Any CPU
		{50AA5696-F707-443F-BC89-E5BDF454ED57}.Debug|Any CPU.ActiveCfg = Debug|Any CPU
		{50AA5696-F707-443F-BC89-E5BDF454ED57}.Debug|Any CPU.Build.0 = Debug|Any CPU
		{50AA5696-F707-443F-BC89-E5BDF454ED57}.Release|Any CPU.ActiveCfg = Release|Any CPU
		{50AA5696-F707-443F-BC89-E5BDF454ED57}.Release|Any CPU.Build.0 = Release|Any CPU
		{067BB76D-C314-42AF-B52D-A216F54EF252}.Debug|Any CPU.ActiveCfg = Debug|Any CPU
		{067BB76D-C314-42AF-B52D-A216F54EF252}.Debug|Any CPU.Build.0 = Debug|Any CPU
		{067BB76D-C314-42AF-B52D-A216F54EF252}.Release|Any CPU.ActiveCfg = Release|Any CPU
		{067BB76D-C314-42AF-B52D-A216F54EF252}.Release|Any CPU.Build.0 = Release|Any CPU
		{8D31CB8B-0BB0-44C9-83B7-DCC4408EAEBB}.Debug|Any CPU.ActiveCfg = Debug|Any CPU
		{8D31CB8B-0BB0-44C9-83B7-DCC4408EAEBB}.Debug|Any CPU.Build.0 = Debug|Any CPU
		{8D31CB8B-0BB0-44C9-83B7-DCC4408EAEBB}.Release|Any CPU.ActiveCfg = Release|Any CPU
		{8D31CB8B-0BB0-44C9-83B7-DCC4408EAEBB}.Release|Any CPU.Build.0 = Release|Any CPU
		{46A935AC-856B-46CC-908B-37BB608A8688}.Debug|Any CPU.ActiveCfg = Debug|Any CPU
		{46A935AC-856B-46CC-908B-37BB608A8688}.Debug|Any CPU.Build.0 = Debug|Any CPU
		{46A935AC-856B-46CC-908B-37BB608A8688}.Release|Any CPU.ActiveCfg = Release|Any CPU
		{46A935AC-856B-46CC-908B-37BB608A8688}.Release|Any CPU.Build.0 = Release|Any CPU
		{B6DE19A7-987E-4C5D-B49B-A576B8571858}.Debug|Any CPU.ActiveCfg = Debug|Any CPU
		{B6DE19A7-987E-4C5D-B49B-A576B8571858}.Debug|Any CPU.Build.0 = Debug|Any CPU
		{B6DE19A7-987E-4C5D-B49B-A576B8571858}.Release|Any CPU.ActiveCfg = Release|Any CPU
		{B6DE19A7-987E-4C5D-B49B-A576B8571858}.Release|Any CPU.Build.0 = Release|Any CPU
		{E8A8DDF7-7124-4FA7-B0DA-26E63755E363}.Debug|Any CPU.ActiveCfg = Debug|Any CPU
		{E8A8DDF7-7124-4FA7-B0DA-26E63755E363}.Debug|Any CPU.Build.0 = Debug|Any CPU
		{E8A8DDF7-7124-4FA7-B0DA-26E63755E363}.Release|Any CPU.ActiveCfg = Release|Any CPU
		{E8A8DDF7-7124-4FA7-B0DA-26E63755E363}.Release|Any CPU.Build.0 = Release|Any CPU
		{90C7B343-813F-48EC-A772-A69F9A4AC91B}.Debug|Any CPU.ActiveCfg = Debug|Any CPU
		{90C7B343-813F-48EC-A772-A69F9A4AC91B}.Debug|Any CPU.Build.0 = Debug|Any CPU
		{90C7B343-813F-48EC-A772-A69F9A4AC91B}.Release|Any CPU.ActiveCfg = Release|Any CPU
		{90C7B343-813F-48EC-A772-A69F9A4AC91B}.Release|Any CPU.Build.0 = Release|Any CPU
		{D6C56FE2-5EA0-40FE-8A75-83CCBD6572A6}.Debug|Any CPU.ActiveCfg = Debug|Any CPU
		{D6C56FE2-5EA0-40FE-8A75-83CCBD6572A6}.Debug|Any CPU.Build.0 = Debug|Any CPU
		{D6C56FE2-5EA0-40FE-8A75-83CCBD6572A6}.Release|Any CPU.ActiveCfg = Release|Any CPU
		{D6C56FE2-5EA0-40FE-8A75-83CCBD6572A6}.Release|Any CPU.Build.0 = Release|Any CPU
		{AF457216-76E6-4045-A278-F4D57FBAAF4E}.Debug|Any CPU.ActiveCfg = Debug|Any CPU
		{AF457216-76E6-4045-A278-F4D57FBAAF4E}.Debug|Any CPU.Build.0 = Debug|Any CPU
		{AF457216-76E6-4045-A278-F4D57FBAAF4E}.Release|Any CPU.ActiveCfg = Release|Any CPU
		{AF457216-76E6-4045-A278-F4D57FBAAF4E}.Release|Any CPU.Build.0 = Release|Any CPU
		{37871B7B-00C9-4921-8703-A0DC2F3DF183}.Debug|Any CPU.ActiveCfg = Debug|Any CPU
		{37871B7B-00C9-4921-8703-A0DC2F3DF183}.Debug|Any CPU.Build.0 = Debug|Any CPU
		{37871B7B-00C9-4921-8703-A0DC2F3DF183}.Release|Any CPU.ActiveCfg = Release|Any CPU
		{37871B7B-00C9-4921-8703-A0DC2F3DF183}.Release|Any CPU.Build.0 = Release|Any CPU
		{52BE834C-0B70-4C77-A573-0237D06425E1}.Debug|Any CPU.ActiveCfg = Debug|Any CPU
		{52BE834C-0B70-4C77-A573-0237D06425E1}.Debug|Any CPU.Build.0 = Debug|Any CPU
		{52BE834C-0B70-4C77-A573-0237D06425E1}.Release|Any CPU.ActiveCfg = Release|Any CPU
		{52BE834C-0B70-4C77-A573-0237D06425E1}.Release|Any CPU.Build.0 = Release|Any CPU
		{A48EA62F-3CC8-4E61-8E2B-7A99B1432DD2}.Debug|Any CPU.ActiveCfg = Debug|Any CPU
		{A48EA62F-3CC8-4E61-8E2B-7A99B1432DD2}.Debug|Any CPU.Build.0 = Debug|Any CPU
		{A48EA62F-3CC8-4E61-8E2B-7A99B1432DD2}.Release|Any CPU.ActiveCfg = Release|Any CPU
		{A48EA62F-3CC8-4E61-8E2B-7A99B1432DD2}.Release|Any CPU.Build.0 = Release|Any CPU
		{9491CBF3-5F5A-4847-A10B-E01C90D62FBC}.Debug|Any CPU.ActiveCfg = Debug|Any CPU
		{9491CBF3-5F5A-4847-A10B-E01C90D62FBC}.Debug|Any CPU.Build.0 = Debug|Any CPU
		{9491CBF3-5F5A-4847-A10B-E01C90D62FBC}.Release|Any CPU.ActiveCfg = Release|Any CPU
		{9491CBF3-5F5A-4847-A10B-E01C90D62FBC}.Release|Any CPU.Build.0 = Release|Any CPU
		{149D35CE-55A2-44EC-8727-8D6E04576A11}.Debug|Any CPU.ActiveCfg = Debug|Any CPU
		{149D35CE-55A2-44EC-8727-8D6E04576A11}.Debug|Any CPU.Build.0 = Debug|Any CPU
		{149D35CE-55A2-44EC-8727-8D6E04576A11}.Release|Any CPU.ActiveCfg = Release|Any CPU
		{149D35CE-55A2-44EC-8727-8D6E04576A11}.Release|Any CPU.Build.0 = Release|Any CPU
		{8C95A967-1876-427A-9D1E-C67D656CCA5C}.Debug|Any CPU.ActiveCfg = Debug|Any CPU
		{8C95A967-1876-427A-9D1E-C67D656CCA5C}.Debug|Any CPU.Build.0 = Debug|Any CPU
		{8C95A967-1876-427A-9D1E-C67D656CCA5C}.Release|Any CPU.ActiveCfg = Release|Any CPU
		{8C95A967-1876-427A-9D1E-C67D656CCA5C}.Release|Any CPU.Build.0 = Release|Any CPU
		{69A10D66-FF5B-425D-9500-F125B4C6D837}.Debug|Any CPU.ActiveCfg = Debug|Any CPU
		{69A10D66-FF5B-425D-9500-F125B4C6D837}.Debug|Any CPU.Build.0 = Debug|Any CPU
		{69A10D66-FF5B-425D-9500-F125B4C6D837}.Release|Any CPU.ActiveCfg = Release|Any CPU
		{69A10D66-FF5B-425D-9500-F125B4C6D837}.Release|Any CPU.Build.0 = Release|Any CPU
		{DF1F6750-49F8-474A-84C0-8FD5B43D582E}.Debug|Any CPU.ActiveCfg = Debug|Any CPU
		{DF1F6750-49F8-474A-84C0-8FD5B43D582E}.Debug|Any CPU.Build.0 = Debug|Any CPU
		{DF1F6750-49F8-474A-84C0-8FD5B43D582E}.Release|Any CPU.ActiveCfg = Release|Any CPU
		{DF1F6750-49F8-474A-84C0-8FD5B43D582E}.Release|Any CPU.Build.0 = Release|Any CPU
		{954CCACE-04ED-43DE-84E0-EB8DF8794EDC}.Debug|Any CPU.ActiveCfg = Debug|Any CPU
		{954CCACE-04ED-43DE-84E0-EB8DF8794EDC}.Debug|Any CPU.Build.0 = Debug|Any CPU
		{954CCACE-04ED-43DE-84E0-EB8DF8794EDC}.Release|Any CPU.ActiveCfg = Release|Any CPU
		{954CCACE-04ED-43DE-84E0-EB8DF8794EDC}.Release|Any CPU.Build.0 = Release|Any CPU
		{CAAF1728-DFEE-4EC8-91AE-73A36BB32B35}.Debug|Any CPU.ActiveCfg = Debug|Any CPU
		{CAAF1728-DFEE-4EC8-91AE-73A36BB32B35}.Debug|Any CPU.Build.0 = Debug|Any CPU
		{CAAF1728-DFEE-4EC8-91AE-73A36BB32B35}.Release|Any CPU.ActiveCfg = Release|Any CPU
		{CAAF1728-DFEE-4EC8-91AE-73A36BB32B35}.Release|Any CPU.Build.0 = Release|Any CPU
		{BF0AF54D-E574-4EE9-90AD-E16D5178424A}.Debug|Any CPU.ActiveCfg = Debug|Any CPU
		{BF0AF54D-E574-4EE9-90AD-E16D5178424A}.Debug|Any CPU.Build.0 = Debug|Any CPU
		{BF0AF54D-E574-4EE9-90AD-E16D5178424A}.Release|Any CPU.ActiveCfg = Release|Any CPU
		{BF0AF54D-E574-4EE9-90AD-E16D5178424A}.Release|Any CPU.Build.0 = Release|Any CPU
		{A1CB02CB-C13D-4BFB-AEC5-D52EF02B4EAC}.Debug|Any CPU.ActiveCfg = Debug|Any CPU
		{A1CB02CB-C13D-4BFB-AEC5-D52EF02B4EAC}.Debug|Any CPU.Build.0 = Debug|Any CPU
		{A1CB02CB-C13D-4BFB-AEC5-D52EF02B4EAC}.Release|Any CPU.ActiveCfg = Release|Any CPU
		{A1CB02CB-C13D-4BFB-AEC5-D52EF02B4EAC}.Release|Any CPU.Build.0 = Release|Any CPU
		{D72E851A-FB78-4318-BA30-898F3ADF43EA}.Debug|Any CPU.ActiveCfg = Debug|Any CPU
		{D72E851A-FB78-4318-BA30-898F3ADF43EA}.Debug|Any CPU.Build.0 = Debug|Any CPU
		{D72E851A-FB78-4318-BA30-898F3ADF43EA}.Release|Any CPU.ActiveCfg = Release|Any CPU
		{D72E851A-FB78-4318-BA30-898F3ADF43EA}.Release|Any CPU.Build.0 = Release|Any CPU
		{29A5B637-6903-478B-A64E-4EBB4EA571B3}.Debug|Any CPU.ActiveCfg = Debug|Any CPU
		{29A5B637-6903-478B-A64E-4EBB4EA571B3}.Debug|Any CPU.Build.0 = Debug|Any CPU
		{29A5B637-6903-478B-A64E-4EBB4EA571B3}.Release|Any CPU.ActiveCfg = Release|Any CPU
		{29A5B637-6903-478B-A64E-4EBB4EA571B3}.Release|Any CPU.Build.0 = Release|Any CPU
		{223FE139-02FF-45EB-8EA2-2E5B54DEACE0}.Debug|Any CPU.ActiveCfg = Debug|Any CPU
		{223FE139-02FF-45EB-8EA2-2E5B54DEACE0}.Debug|Any CPU.Build.0 = Debug|Any CPU
		{223FE139-02FF-45EB-8EA2-2E5B54DEACE0}.Release|Any CPU.ActiveCfg = Release|Any CPU
		{223FE139-02FF-45EB-8EA2-2E5B54DEACE0}.Release|Any CPU.Build.0 = Release|Any CPU
		{F9CC1807-F090-4D54-B171-52CFEB6AA46E}.Debug|Any CPU.ActiveCfg = Debug|Any CPU
		{F9CC1807-F090-4D54-B171-52CFEB6AA46E}.Debug|Any CPU.Build.0 = Debug|Any CPU
		{F9CC1807-F090-4D54-B171-52CFEB6AA46E}.Release|Any CPU.ActiveCfg = Release|Any CPU
		{F9CC1807-F090-4D54-B171-52CFEB6AA46E}.Release|Any CPU.Build.0 = Release|Any CPU
		{7F6B8289-F33D-49FD-9F08-760DF3AE1993}.Debug|Any CPU.ActiveCfg = Debug|Any CPU
		{7F6B8289-F33D-49FD-9F08-760DF3AE1993}.Debug|Any CPU.Build.0 = Debug|Any CPU
		{7F6B8289-F33D-49FD-9F08-760DF3AE1993}.Release|Any CPU.ActiveCfg = Release|Any CPU
		{7F6B8289-F33D-49FD-9F08-760DF3AE1993}.Release|Any CPU.Build.0 = Release|Any CPU
		{74EC0E81-DC8B-4E56-B3B7-48DF9F797B78}.Debug|Any CPU.ActiveCfg = Debug|Any CPU
		{74EC0E81-DC8B-4E56-B3B7-48DF9F797B78}.Debug|Any CPU.Build.0 = Debug|Any CPU
		{74EC0E81-DC8B-4E56-B3B7-48DF9F797B78}.Release|Any CPU.ActiveCfg = Release|Any CPU
		{74EC0E81-DC8B-4E56-B3B7-48DF9F797B78}.Release|Any CPU.Build.0 = Release|Any CPU
		{FBDB8724-BE2C-4B18-A0AD-E85119032A01}.Debug|Any CPU.ActiveCfg = Debug|Any CPU
		{FBDB8724-BE2C-4B18-A0AD-E85119032A01}.Debug|Any CPU.Build.0 = Debug|Any CPU
		{FBDB8724-BE2C-4B18-A0AD-E85119032A01}.Release|Any CPU.ActiveCfg = Release|Any CPU
		{FBDB8724-BE2C-4B18-A0AD-E85119032A01}.Release|Any CPU.Build.0 = Release|Any CPU
		{CF507803-2983-40B1-BF21-B497624686E4}.Debug|Any CPU.ActiveCfg = Debug|Any CPU
		{CF507803-2983-40B1-BF21-B497624686E4}.Debug|Any CPU.Build.0 = Debug|Any CPU
		{CF507803-2983-40B1-BF21-B497624686E4}.Release|Any CPU.ActiveCfg = Release|Any CPU
		{CF507803-2983-40B1-BF21-B497624686E4}.Release|Any CPU.Build.0 = Release|Any CPU
		{F44462C1-188D-459B-8DE2-BF750BA1C26B}.Debug|Any CPU.ActiveCfg = Debug|Any CPU
		{F44462C1-188D-459B-8DE2-BF750BA1C26B}.Debug|Any CPU.Build.0 = Debug|Any CPU
		{F44462C1-188D-459B-8DE2-BF750BA1C26B}.Release|Any CPU.ActiveCfg = Release|Any CPU
		{F44462C1-188D-459B-8DE2-BF750BA1C26B}.Release|Any CPU.Build.0 = Release|Any CPU
		{61541CA8-B540-4AA9-B637-01B97244CEDB}.Debug|Any CPU.ActiveCfg = Debug|Any CPU
		{61541CA8-B540-4AA9-B637-01B97244CEDB}.Debug|Any CPU.Build.0 = Debug|Any CPU
		{61541CA8-B540-4AA9-B637-01B97244CEDB}.Release|Any CPU.ActiveCfg = Release|Any CPU
		{61541CA8-B540-4AA9-B637-01B97244CEDB}.Release|Any CPU.Build.0 = Release|Any CPU
	EndGlobalSection
	GlobalSection(SolutionProperties) = preSolution
		HideSolutionNode = FALSE
	EndGlobalSection
	GlobalSection(NestedProjects) = preSolution
		{49239892-D807-42AB-8BD8-57E39B505511} = {0168AD6E-C4F4-413F-BFBA-FBBBF80644FA}
		{D65622D9-5C6B-4159-B1AB-9ACF7352142E} = {0168AD6E-C4F4-413F-BFBA-FBBBF80644FA}
		{D6253633-966D-4FF5-8615-B17A5AB0090B} = {F041FA2E-4428-4D05-8C50-84231EF0E600}
		{6F665E20-9FAF-4C6D-BD89-3E18F201090F} = {CCCA7579-F361-4887-AF60-4C6047184645}
		{E83291B1-F44F-4556-A024-9C5EB5839C1A} = {460E01E1-42A4-4EC0-8685-FF6C32B0009F}
		{FBBA8FE5-7792-4E02-88B5-5DB49B244CB8} = {F892B0DA-2E36-4A4B-85C2-2991E0CACC4F}
		{FB6EF69F-442F-41ED-A9FD-7AE86E811798} = {15BC53D5-6C43-43A5-A998-DE5AA82A4328}
		{366D65A4-07DC-4208-ADC5-6F205E1B9AAA} = {15BC53D5-6C43-43A5-A998-DE5AA82A4328}
		{EDEA7320-19CC-4416-80B8-F202CC2148CC} = {460E01E1-42A4-4EC0-8685-FF6C32B0009F}
		{50AA5696-F707-443F-BC89-E5BDF454ED57} = {F892B0DA-2E36-4A4B-85C2-2991E0CACC4F}
		{067BB76D-C314-42AF-B52D-A216F54EF252} = {F892B0DA-2E36-4A4B-85C2-2991E0CACC4F}
		{8D31CB8B-0BB0-44C9-83B7-DCC4408EAEBB} = {F892B0DA-2E36-4A4B-85C2-2991E0CACC4F}
		{46A935AC-856B-46CC-908B-37BB608A8688} = {CCCA7579-F361-4887-AF60-4C6047184645}
		{B6DE19A7-987E-4C5D-B49B-A576B8571858} = {CCCA7579-F361-4887-AF60-4C6047184645}
		{E8A8DDF7-7124-4FA7-B0DA-26E63755E363} = {6B907D25-B455-4EE7-9614-F323E7B7B043}
		{90C7B343-813F-48EC-A772-A69F9A4AC91B} = {6B907D25-B455-4EE7-9614-F323E7B7B043}
		{45D3F950-E875-4B93-B9E6-D5DED180FF8A} = {A08D76D8-20A9-41B9-9649-C9C972BBC724}
		{D6C56FE2-5EA0-40FE-8A75-83CCBD6572A6} = {45D3F950-E875-4B93-B9E6-D5DED180FF8A}
		{AF457216-76E6-4045-A278-F4D57FBAAF4E} = {6B907D25-B455-4EE7-9614-F323E7B7B043}
		{37871B7B-00C9-4921-8703-A0DC2F3DF183} = {6B907D25-B455-4EE7-9614-F323E7B7B043}
		{52BE834C-0B70-4C77-A573-0237D06425E1} = {6B907D25-B455-4EE7-9614-F323E7B7B043}
		{A48EA62F-3CC8-4E61-8E2B-7A99B1432DD2} = {6B907D25-B455-4EE7-9614-F323E7B7B043}
		{9491CBF3-5F5A-4847-A10B-E01C90D62FBC} = {0168AD6E-C4F4-413F-BFBA-FBBBF80644FA}
		{16FAFCC0-095E-4296-BBC4-15E35FCBE832} = {CCCA7579-F361-4887-AF60-4C6047184645}
		{149D35CE-55A2-44EC-8727-8D6E04576A11} = {16FAFCC0-095E-4296-BBC4-15E35FCBE832}
		{8C95A967-1876-427A-9D1E-C67D656CCA5C} = {16FAFCC0-095E-4296-BBC4-15E35FCBE832}
		{6B907D25-B455-4EE7-9614-F323E7B7B043} = {CCCA7579-F361-4887-AF60-4C6047184645}
		{69A10D66-FF5B-425D-9500-F125B4C6D837} = {F892B0DA-2E36-4A4B-85C2-2991E0CACC4F}
		{DF1F6750-49F8-474A-84C0-8FD5B43D582E} = {F892B0DA-2E36-4A4B-85C2-2991E0CACC4F}
		{954CCACE-04ED-43DE-84E0-EB8DF8794EDC} = {A08D76D8-20A9-41B9-9649-C9C972BBC724}
		{CAAF1728-DFEE-4EC8-91AE-73A36BB32B35} = {0168AD6E-C4F4-413F-BFBA-FBBBF80644FA}
		{BF0AF54D-E574-4EE9-90AD-E16D5178424A} = {93C7914F-87E8-44BD-A917-BDDEFB4A210A}
		{A1CB02CB-C13D-4BFB-AEC5-D52EF02B4EAC} = {F892B0DA-2E36-4A4B-85C2-2991E0CACC4F}
		{D72E851A-FB78-4318-BA30-898F3ADF43EA} = {796DEC81-5CA6-4299-96B1-FB41F988C53B}
		{29A5B637-6903-478B-A64E-4EBB4EA571B3} = {796DEC81-5CA6-4299-96B1-FB41F988C53B}
		{223FE139-02FF-45EB-8EA2-2E5B54DEACE0} = {460E01E1-42A4-4EC0-8685-FF6C32B0009F}
		{F9CC1807-F090-4D54-B171-52CFEB6AA46E} = {CCCA7579-F361-4887-AF60-4C6047184645}
		{7F6B8289-F33D-49FD-9F08-760DF3AE1993} = {0168AD6E-C4F4-413F-BFBA-FBBBF80644FA}
		{74EC0E81-DC8B-4E56-B3B7-48DF9F797B78} = {F041FA2E-4428-4D05-8C50-84231EF0E600}
		{FBDB8724-BE2C-4B18-A0AD-E85119032A01} = {A08D76D8-20A9-41B9-9649-C9C972BBC724}
		{CF507803-2983-40B1-BF21-B497624686E4} = {CCCA7579-F361-4887-AF60-4C6047184645}
		{F44462C1-188D-459B-8DE2-BF750BA1C26B} = {F1D1A6FB-C8F9-4CBB-A0F1-D99EEEA3C69E}
		{61541CA8-B540-4AA9-B637-01B97244CEDB} = {CCCA7579-F361-4887-AF60-4C6047184645}
	EndGlobalSection
	GlobalSection(ExtensibilityGlobals) = postSolution
		SolutionGuid = {607C5673-3DFE-444A-B0B8-45AB798154EB}
	EndGlobalSection
EndGlobal
